
Microsoft Visual Studio Solution File, Format Version 12.00
# Visual Studio Version 17
VisualStudioVersion = 17.9.34714.143
MinimumVisualStudioVersion = 10.0.40219.1
Project("{FAE04EC0-301F-11D3-BF4B-00C04F79EFBC}") = "RecipeAppPartTwo", "RecipeAppPartTwo.csproj", "{19AEDE1B-AE05-4898-BCD9-07F30EF4BD2B}"
EndProject
Global
	GlobalSection(SolutionConfigurationPlatforms) = preSolution
		Debug|Any CPU = Debug|Any CPU
		Release|Any CPU = Release|Any CPU
	EndGlobalSection
	GlobalSection(ProjectConfigurationPlatforms) = postSolution
		{19AEDE1B-AE05-4898-BCD9-07F30EF4BD2B}.Debug|Any CPU.ActiveCfg = Debug|Any CPU
		{19AEDE1B-AE05-4898-BCD9-07F30EF4BD2B}.Debug|Any CPU.Build.0 = Debug|Any CPU
		{19AEDE1B-AE05-4898-BCD9-07F30EF4BD2B}.Release|Any CPU.ActiveCfg = Release|Any CPU
		{19AEDE1B-AE05-4898-BCD9-07F30EF4BD2B}.Release|Any CPU.Build.0 = Release|Any CPU
	EndGlobalSection
	GlobalSection(SolutionProperties) = preSolution
		HideSolutionNode = FALSE
	EndGlobalSection
	GlobalSection(ExtensibilityGlobals) = postSolution
		SolutionGuid = {60B26269-C601-496B-A98A-C266A7ED6BF2}
	EndGlobalSection
EndGlobal
